{"is_source_file": false, "format": "", "description": "", "external_files": [], "external_methods": [], "published": [], "classes": [], "methods": [], "calls": [], "search-terms": [], "state": 2, "file_id": 20, "knowledge_revision": 56, "git_revision": "8893cf2cb86061b4c412b214ff02015bad9bcecf", "hash": "e9b4c3b42cef0193b7fddb548d37e652", "format-version": 4, "code-base-name": "default", "filename": "cinetravel_explorer/post_process_status.lock", "revision_history": [{"56": "8893cf2cb86061b4c412b214ff02015bad9bcecf"}]}